{
<<<<<<< Updated upstream
  "name": "electron-react-boilerplate",
  "version": "4.5.0",
=======
  "name": "txt-note-manager",
  "version": "1.0.0",
>>>>>>> Stashed changes
  "lockfileVersion": 2,
  "requires": true,
  "packages": {
    "": {
<<<<<<< Updated upstream
      "name": "electron-react-boilerplate",
      "version": "4.5.0",
=======
      "name": "txt-note-manager",
      "version": "1.0.0",
>>>>>>> Stashed changes
      "hasInstallScript": true,
      "license": "MIT"
    }
  }
}
